
Microsoft Visual Studio Solution File, Format Version 12.00
# Visual Studio Version 17
VisualStudioVersion = 17.0.31903.59
MinimumVisualStudioVersion = 10.0.40219.1
Project("{FAE04EC0-301F-11D3-BF4B-00C04F79EFBC}") = "LAB_2", "LAB_2\LAB_2.csproj", "{B2415F96-A39F-4483-ACE6-D88926195E29}"
EndProject
Project("{FAE04EC0-301F-11D3-BF4B-00C04F79EFBC}") = "LAB_3", "LAB_3\LAB_3.csproj", "{BC3AE085-1D28-4C84-9A71-A5F7085B07D0}"
EndProject
Project("{FAE04EC0-301F-11D3-BF4B-00C04F79EFBC}") = "LAB_4", "LAB_4\LAB_4.csproj", "{18194BA6-99A2-4E30-9202-730EE3D63779}"
EndProject
Project("{FAE04EC0-301F-11D3-BF4B-00C04F79EFBC}") = "LAB_5", "LAB_5\LAB_5.csproj", "{58E5008B-FAE1-4CFD-8CFA-5239BF7E4066}"
EndProject
Project("{FAE04EC0-301F-11D3-BF4B-00C04F79EFBC}") = "LAB_6", "LAB_6\LAB_6.csproj", "{77249BA0-2731-4C7F-9406-AD7838398825}"
EndProject
Project("{FAE04EC0-301F-11D3-BF4B-00C04F79EFBC}") = "LAB_7", "LAB_7\LAB_7.csproj", "{D29F0AAA-1EFB-454B-B22E-00AEE85EA11D}"
EndProject
Project("{FAE04EC0-301F-11D3-BF4B-00C04F79EFBC}") = "LAB_8", "LAB_8\LAB_8.csproj", "{237A3902-8EF9-47DF-A9C2-BD064E4E6C30}"
EndProject
Global
	GlobalSection(SolutionConfigurationPlatforms) = preSolution
		Debug|Any CPU = Debug|Any CPU
		Release|Any CPU = Release|Any CPU
	EndGlobalSection
	GlobalSection(SolutionProperties) = preSolution
		HideSolutionNode = FALSE
	EndGlobalSection
	GlobalSection(ProjectConfigurationPlatforms) = postSolution
		{B2415F96-A39F-4483-ACE6-D88926195E29}.Debug|Any CPU.ActiveCfg = Debug|Any CPU
		{B2415F96-A39F-4483-ACE6-D88926195E29}.Debug|Any CPU.Build.0 = Debug|Any CPU
		{B2415F96-A39F-4483-ACE6-D88926195E29}.Release|Any CPU.ActiveCfg = Release|Any CPU
		{B2415F96-A39F-4483-ACE6-D88926195E29}.Release|Any CPU.Build.0 = Release|Any CPU
		{BC3AE085-1D28-4C84-9A71-A5F7085B07D0}.Debug|Any CPU.ActiveCfg = Debug|Any CPU
		{BC3AE085-1D28-4C84-9A71-A5F7085B07D0}.Debug|Any CPU.Build.0 = Debug|Any CPU
		{BC3AE085-1D28-4C84-9A71-A5F7085B07D0}.Release|Any CPU.ActiveCfg = Release|Any CPU
		{BC3AE085-1D28-4C84-9A71-A5F7085B07D0}.Release|Any CPU.Build.0 = Release|Any CPU
		{18194BA6-99A2-4E30-9202-730EE3D63779}.Debug|Any CPU.ActiveCfg = Debug|Any CPU
		{18194BA6-99A2-4E30-9202-730EE3D63779}.Debug|Any CPU.Build.0 = Debug|Any CPU
		{18194BA6-99A2-4E30-9202-730EE3D63779}.Release|Any CPU.ActiveCfg = Release|Any CPU
		{18194BA6-99A2-4E30-9202-730EE3D63779}.Release|Any CPU.Build.0 = Release|Any CPU
		{58E5008B-FAE1-4CFD-8CFA-5239BF7E4066}.Debug|Any CPU.ActiveCfg = Debug|Any CPU
		{58E5008B-FAE1-4CFD-8CFA-5239BF7E4066}.Debug|Any CPU.Build.0 = Debug|Any CPU
		{58E5008B-FAE1-4CFD-8CFA-5239BF7E4066}.Release|Any CPU.ActiveCfg = Release|Any CPU
		{58E5008B-FAE1-4CFD-8CFA-5239BF7E4066}.Release|Any CPU.Build.0 = Release|Any CPU
		{77249BA0-2731-4C7F-9406-AD7838398825}.Debug|Any CPU.ActiveCfg = Debug|Any CPU
		{77249BA0-2731-4C7F-9406-AD7838398825}.Debug|Any CPU.Build.0 = Debug|Any CPU
		{77249BA0-2731-4C7F-9406-AD7838398825}.Release|Any CPU.ActiveCfg = Release|Any CPU
		{77249BA0-2731-4C7F-9406-AD7838398825}.Release|Any CPU.Build.0 = Release|Any CPU
		{D29F0AAA-1EFB-454B-B22E-00AEE85EA11D}.Debug|Any CPU.ActiveCfg = Debug|Any CPU
		{D29F0AAA-1EFB-454B-B22E-00AEE85EA11D}.Debug|Any CPU.Build.0 = Debug|Any CPU
		{D29F0AAA-1EFB-454B-B22E-00AEE85EA11D}.Release|Any CPU.ActiveCfg = Release|Any CPU
		{D29F0AAA-1EFB-454B-B22E-00AEE85EA11D}.Release|Any CPU.Build.0 = Release|Any CPU
		{237A3902-8EF9-47DF-A9C2-BD064E4E6C30}.Debug|Any CPU.ActiveCfg = Debug|Any CPU
		{237A3902-8EF9-47DF-A9C2-BD064E4E6C30}.Debug|Any CPU.Build.0 = Debug|Any CPU
		{237A3902-8EF9-47DF-A9C2-BD064E4E6C30}.Release|Any CPU.ActiveCfg = Release|Any CPU
		{237A3902-8EF9-47DF-A9C2-BD064E4E6C30}.Release|Any CPU.Build.0 = Release|Any CPU
	EndGlobalSection
EndGlobal
