
Microsoft Visual Studio Solution File, Format Version 12.00
# Visual Studio Version 17
VisualStudioVersion = 17.0.31903.59
MinimumVisualStudioVersion = 10.0.40219.1
Project("{FAE04EC0-301F-11D3-BF4B-00C04F79EFBC}") = "LAB_2", "LAB_2\LAB_2.csproj", "{B2415F96-A39F-4483-ACE6-D88926195E29}"
EndProject
Project("{FAE04EC0-301F-11D3-BF4B-00C04F79EFBC}") = "LAB_3", "LAB_3\LAB_3.csproj", "{BC3AE085-1D28-4C84-9A71-A5F7085B07D0}"
EndProject
Project("{FAE04EC0-301F-11D3-BF4B-00C04F79EFBC}") = "LAB_4", "LAB_4\LAB_4.csproj", "{18194BA6-99A2-4E30-9202-730EE3D63779}"
EndProject
Project("{FAE04EC0-301F-11D3-BF4B-00C04F79EFBC}") = "LAB_5", "LAB_5\LAB_5.csproj", "{58E5008B-FAE1-4CFD-8CFA-5239BF7E4066}"
EndProject
Project("{FAE04EC0-301F-11D3-BF4B-00C04F79EFBC}") = "LAB_6", "LAB_6\LAB_6.csproj", "{77249BA0-2731-4C7F-9406-AD7838398825}"
EndProject
Project("{FAE04EC0-301F-11D3-BF4B-00C04F79EFBC}") = "LAB_7", "LAB_7\LAB_7.csproj", "{D29F0AAA-1EFB-454B-B22E-00AEE85EA11D}"
EndProject
Project("{FAE04EC0-301F-11D3-BF4B-00C04F79EFBC}") = "LAB_8", "LAB_8\LAB_8.csproj", "{237A3902-8EF9-47DF-A9C2-BD064E4E6C30}"
EndProject
Project("{FAE04EC0-301F-11D3-BF4B-00C04F79EFBC}") = "LAB_9", "LAB_9\LAB_9.csproj", "{0E34C05E-5468-445C-83C3-70D015CBF64D}"
EndProject
Project("{FAE04EC0-301F-11D3-BF4B-00C04F79EFBC}") = "LAB_10", "LAB_10\LAB_10.csproj", "{51B36C32-8F14-474F-A283-0B11BEE59C95}"
EndProject
Project("{FAE04EC0-301F-11D3-BF4B-00C04F79EFBC}") = "LAB_11", "LAB_11\LAB_11.csproj", "{31D60BBB-0348-487E-99BD-8E775E5136CE}"
EndProject
Project("{FAE04EC0-301F-11D3-BF4B-00C04F79EFBC}") = "LAB_12", "LAB_12\LAB_12.csproj", "{C607A26F-DC9E-4A1D-AACA-2BDA0921D2FB}"
EndProject
Project("{FAE04EC0-301F-11D3-BF4B-00C04F79EFBC}") = "LAB_13", "LAB_13\LAB_13.csproj", "{0A48BD5D-72EF-4551-9E51-C829B594C167}"
EndProject
Project("{FAE04EC0-301F-11D3-BF4B-00C04F79EFBC}") = "LAB_14", "LAB_14\LAB_14.csproj", "{E5CA63BB-6E6D-4F71-B064-E6FCE819E76D}"
EndProject
Project("{FAE04EC0-301F-11D3-BF4B-00C04F79EFBC}") = "LAB_15", "LAB_15\LAB_15.csproj", "{ABAF6CE7-12DE-4709-83DA-B2621C22D3FC}"
EndProject
Project("{FAE04EC0-301F-11D3-BF4B-00C04F79EFBC}") = "LAB_16", "LAB_16\LAB_16.csproj", "{195BF701-9C2E-4129-ACA5-C295F3CD066F}"
EndProject
Project("{FAE04EC0-301F-11D3-BF4B-00C04F79EFBC}") = "LAB_17", "LAB_17\LAB_17.csproj", "{E0EE45F1-B35F-47EB-8BCA-A759D34D2C68}"
EndProject
Project("{FAE04EC0-301F-11D3-BF4B-00C04F79EFBC}") = "LAB_18", "LAB_18\LAB_18.csproj", "{C0EC02DA-26E4-4509-9B7D-D61871C5996C}"
EndProject
Project("{FAE04EC0-301F-11D3-BF4B-00C04F79EFBC}") = "LAB_21", "LAB_21\LAB_21.csproj", "{DD1A37BD-239C-4C9E-BD3E-CB5304279AAF}"
EndProject
Project("{FAE04EC0-301F-11D3-BF4B-00C04F79EFBC}") = "LAB_22", "LAB_22\LAB_22.csproj", "{B23C8D60-11BA-41F6-A863-83CF0A35CD09}"
EndProject
Project("{FAE04EC0-301F-11D3-BF4B-00C04F79EFBC}") = "LAB_23", "LAB_23\LAB_23.csproj", "{9798DA5B-D172-4460-A105-F0056B450729}"
EndProject
Project("{FAE04EC0-301F-11D3-BF4B-00C04F79EFBC}") = "LAB_test", "LAB_test\LAB_test.csproj", "{73D85D0D-0A72-4A42-82E0-31C7585D78FD}"
EndProject
Project("{FAE04EC0-301F-11D3-BF4B-00C04F79EFBC}") = "LAB", "LAB\LAB.csproj", "{1768A7C5-A128-4835-A4AC-8BD4ECE8AB0A}"
EndProject
Project("{FAE04EC0-301F-11D3-BF4B-00C04F79EFBC}") = "LAB_24", "LAB_24\LAB_24.csproj", "{2C9D096F-8913-4F68-B4FC-7424BFACE9FF}"
EndProject
Global
	GlobalSection(SolutionConfigurationPlatforms) = preSolution
		Debug|Any CPU = Debug|Any CPU
		Release|Any CPU = Release|Any CPU
	EndGlobalSection
	GlobalSection(SolutionProperties) = preSolution
		HideSolutionNode = FALSE
	EndGlobalSection
	GlobalSection(ProjectConfigurationPlatforms) = postSolution
		{B2415F96-A39F-4483-ACE6-D88926195E29}.Debug|Any CPU.ActiveCfg = Debug|Any CPU
		{B2415F96-A39F-4483-ACE6-D88926195E29}.Debug|Any CPU.Build.0 = Debug|Any CPU
		{B2415F96-A39F-4483-ACE6-D88926195E29}.Release|Any CPU.ActiveCfg = Release|Any CPU
		{B2415F96-A39F-4483-ACE6-D88926195E29}.Release|Any CPU.Build.0 = Release|Any CPU
		{BC3AE085-1D28-4C84-9A71-A5F7085B07D0}.Debug|Any CPU.ActiveCfg = Debug|Any CPU
		{BC3AE085-1D28-4C84-9A71-A5F7085B07D0}.Debug|Any CPU.Build.0 = Debug|Any CPU
		{BC3AE085-1D28-4C84-9A71-A5F7085B07D0}.Release|Any CPU.ActiveCfg = Release|Any CPU
		{BC3AE085-1D28-4C84-9A71-A5F7085B07D0}.Release|Any CPU.Build.0 = Release|Any CPU
		{18194BA6-99A2-4E30-9202-730EE3D63779}.Debug|Any CPU.ActiveCfg = Debug|Any CPU
		{18194BA6-99A2-4E30-9202-730EE3D63779}.Debug|Any CPU.Build.0 = Debug|Any CPU
		{18194BA6-99A2-4E30-9202-730EE3D63779}.Release|Any CPU.ActiveCfg = Release|Any CPU
		{18194BA6-99A2-4E30-9202-730EE3D63779}.Release|Any CPU.Build.0 = Release|Any CPU
		{58E5008B-FAE1-4CFD-8CFA-5239BF7E4066}.Debug|Any CPU.ActiveCfg = Debug|Any CPU
		{58E5008B-FAE1-4CFD-8CFA-5239BF7E4066}.Debug|Any CPU.Build.0 = Debug|Any CPU
		{58E5008B-FAE1-4CFD-8CFA-5239BF7E4066}.Release|Any CPU.ActiveCfg = Release|Any CPU
		{58E5008B-FAE1-4CFD-8CFA-5239BF7E4066}.Release|Any CPU.Build.0 = Release|Any CPU
		{77249BA0-2731-4C7F-9406-AD7838398825}.Debug|Any CPU.ActiveCfg = Debug|Any CPU
		{77249BA0-2731-4C7F-9406-AD7838398825}.Debug|Any CPU.Build.0 = Debug|Any CPU
		{77249BA0-2731-4C7F-9406-AD7838398825}.Release|Any CPU.ActiveCfg = Release|Any CPU
		{77249BA0-2731-4C7F-9406-AD7838398825}.Release|Any CPU.Build.0 = Release|Any CPU
		{D29F0AAA-1EFB-454B-B22E-00AEE85EA11D}.Debug|Any CPU.ActiveCfg = Debug|Any CPU
		{D29F0AAA-1EFB-454B-B22E-00AEE85EA11D}.Debug|Any CPU.Build.0 = Debug|Any CPU
		{D29F0AAA-1EFB-454B-B22E-00AEE85EA11D}.Release|Any CPU.ActiveCfg = Release|Any CPU
		{D29F0AAA-1EFB-454B-B22E-00AEE85EA11D}.Release|Any CPU.Build.0 = Release|Any CPU
		{237A3902-8EF9-47DF-A9C2-BD064E4E6C30}.Debug|Any CPU.ActiveCfg = Debug|Any CPU
		{237A3902-8EF9-47DF-A9C2-BD064E4E6C30}.Debug|Any CPU.Build.0 = Debug|Any CPU
		{237A3902-8EF9-47DF-A9C2-BD064E4E6C30}.Release|Any CPU.ActiveCfg = Release|Any CPU
		{237A3902-8EF9-47DF-A9C2-BD064E4E6C30}.Release|Any CPU.Build.0 = Release|Any CPU
		{0E34C05E-5468-445C-83C3-70D015CBF64D}.Debug|Any CPU.ActiveCfg = Debug|Any CPU
		{0E34C05E-5468-445C-83C3-70D015CBF64D}.Debug|Any CPU.Build.0 = Debug|Any CPU
		{0E34C05E-5468-445C-83C3-70D015CBF64D}.Release|Any CPU.ActiveCfg = Release|Any CPU
		{0E34C05E-5468-445C-83C3-70D015CBF64D}.Release|Any CPU.Build.0 = Release|Any CPU
		{51B36C32-8F14-474F-A283-0B11BEE59C95}.Debug|Any CPU.ActiveCfg = Debug|Any CPU
		{51B36C32-8F14-474F-A283-0B11BEE59C95}.Debug|Any CPU.Build.0 = Debug|Any CPU
		{51B36C32-8F14-474F-A283-0B11BEE59C95}.Release|Any CPU.ActiveCfg = Release|Any CPU
		{51B36C32-8F14-474F-A283-0B11BEE59C95}.Release|Any CPU.Build.0 = Release|Any CPU
		{31D60BBB-0348-487E-99BD-8E775E5136CE}.Debug|Any CPU.ActiveCfg = Debug|Any CPU
		{31D60BBB-0348-487E-99BD-8E775E5136CE}.Debug|Any CPU.Build.0 = Debug|Any CPU
		{31D60BBB-0348-487E-99BD-8E775E5136CE}.Release|Any CPU.ActiveCfg = Release|Any CPU
		{31D60BBB-0348-487E-99BD-8E775E5136CE}.Release|Any CPU.Build.0 = Release|Any CPU
		{C607A26F-DC9E-4A1D-AACA-2BDA0921D2FB}.Debug|Any CPU.ActiveCfg = Debug|Any CPU
		{C607A26F-DC9E-4A1D-AACA-2BDA0921D2FB}.Debug|Any CPU.Build.0 = Debug|Any CPU
		{C607A26F-DC9E-4A1D-AACA-2BDA0921D2FB}.Release|Any CPU.ActiveCfg = Release|Any CPU
		{C607A26F-DC9E-4A1D-AACA-2BDA0921D2FB}.Release|Any CPU.Build.0 = Release|Any CPU
		{0A48BD5D-72EF-4551-9E51-C829B594C167}.Debug|Any CPU.ActiveCfg = Debug|Any CPU
		{0A48BD5D-72EF-4551-9E51-C829B594C167}.Debug|Any CPU.Build.0 = Debug|Any CPU
		{0A48BD5D-72EF-4551-9E51-C829B594C167}.Release|Any CPU.ActiveCfg = Release|Any CPU
		{0A48BD5D-72EF-4551-9E51-C829B594C167}.Release|Any CPU.Build.0 = Release|Any CPU
		{E5CA63BB-6E6D-4F71-B064-E6FCE819E76D}.Debug|Any CPU.ActiveCfg = Debug|Any CPU
		{E5CA63BB-6E6D-4F71-B064-E6FCE819E76D}.Debug|Any CPU.Build.0 = Debug|Any CPU
		{E5CA63BB-6E6D-4F71-B064-E6FCE819E76D}.Release|Any CPU.ActiveCfg = Release|Any CPU
		{E5CA63BB-6E6D-4F71-B064-E6FCE819E76D}.Release|Any CPU.Build.0 = Release|Any CPU
		{ABAF6CE7-12DE-4709-83DA-B2621C22D3FC}.Debug|Any CPU.ActiveCfg = Debug|Any CPU
		{ABAF6CE7-12DE-4709-83DA-B2621C22D3FC}.Debug|Any CPU.Build.0 = Debug|Any CPU
		{ABAF6CE7-12DE-4709-83DA-B2621C22D3FC}.Release|Any CPU.ActiveCfg = Release|Any CPU
		{ABAF6CE7-12DE-4709-83DA-B2621C22D3FC}.Release|Any CPU.Build.0 = Release|Any CPU
		{195BF701-9C2E-4129-ACA5-C295F3CD066F}.Debug|Any CPU.ActiveCfg = Debug|Any CPU
		{195BF701-9C2E-4129-ACA5-C295F3CD066F}.Debug|Any CPU.Build.0 = Debug|Any CPU
		{195BF701-9C2E-4129-ACA5-C295F3CD066F}.Release|Any CPU.ActiveCfg = Release|Any CPU
		{195BF701-9C2E-4129-ACA5-C295F3CD066F}.Release|Any CPU.Build.0 = Release|Any CPU
		{E0EE45F1-B35F-47EB-8BCA-A759D34D2C68}.Debug|Any CPU.ActiveCfg = Debug|Any CPU
		{E0EE45F1-B35F-47EB-8BCA-A759D34D2C68}.Debug|Any CPU.Build.0 = Debug|Any CPU
		{E0EE45F1-B35F-47EB-8BCA-A759D34D2C68}.Release|Any CPU.ActiveCfg = Release|Any CPU
		{E0EE45F1-B35F-47EB-8BCA-A759D34D2C68}.Release|Any CPU.Build.0 = Release|Any CPU
		{C0EC02DA-26E4-4509-9B7D-D61871C5996C}.Debug|Any CPU.ActiveCfg = Debug|Any CPU
		{C0EC02DA-26E4-4509-9B7D-D61871C5996C}.Debug|Any CPU.Build.0 = Debug|Any CPU
		{C0EC02DA-26E4-4509-9B7D-D61871C5996C}.Release|Any CPU.ActiveCfg = Release|Any CPU
		{C0EC02DA-26E4-4509-9B7D-D61871C5996C}.Release|Any CPU.Build.0 = Release|Any CPU
		{DD1A37BD-239C-4C9E-BD3E-CB5304279AAF}.Debug|Any CPU.ActiveCfg = Debug|Any CPU
		{DD1A37BD-239C-4C9E-BD3E-CB5304279AAF}.Debug|Any CPU.Build.0 = Debug|Any CPU
		{DD1A37BD-239C-4C9E-BD3E-CB5304279AAF}.Release|Any CPU.ActiveCfg = Release|Any CPU
		{DD1A37BD-239C-4C9E-BD3E-CB5304279AAF}.Release|Any CPU.Build.0 = Release|Any CPU
		{B23C8D60-11BA-41F6-A863-83CF0A35CD09}.Debug|Any CPU.ActiveCfg = Debug|Any CPU
		{B23C8D60-11BA-41F6-A863-83CF0A35CD09}.Debug|Any CPU.Build.0 = Debug|Any CPU
		{B23C8D60-11BA-41F6-A863-83CF0A35CD09}.Release|Any CPU.ActiveCfg = Release|Any CPU
		{B23C8D60-11BA-41F6-A863-83CF0A35CD09}.Release|Any CPU.Build.0 = Release|Any CPU
		{9798DA5B-D172-4460-A105-F0056B450729}.Debug|Any CPU.ActiveCfg = Debug|Any CPU
		{9798DA5B-D172-4460-A105-F0056B450729}.Debug|Any CPU.Build.0 = Debug|Any CPU
		{9798DA5B-D172-4460-A105-F0056B450729}.Release|Any CPU.ActiveCfg = Release|Any CPU
		{9798DA5B-D172-4460-A105-F0056B450729}.Release|Any CPU.Build.0 = Release|Any CPU
		{73D85D0D-0A72-4A42-82E0-31C7585D78FD}.Debug|Any CPU.ActiveCfg = Debug|Any CPU
		{73D85D0D-0A72-4A42-82E0-31C7585D78FD}.Debug|Any CPU.Build.0 = Debug|Any CPU
		{73D85D0D-0A72-4A42-82E0-31C7585D78FD}.Release|Any CPU.ActiveCfg = Release|Any CPU
		{73D85D0D-0A72-4A42-82E0-31C7585D78FD}.Release|Any CPU.Build.0 = Release|Any CPU
		{1768A7C5-A128-4835-A4AC-8BD4ECE8AB0A}.Debug|Any CPU.ActiveCfg = Debug|Any CPU
		{1768A7C5-A128-4835-A4AC-8BD4ECE8AB0A}.Debug|Any CPU.Build.0 = Debug|Any CPU
		{1768A7C5-A128-4835-A4AC-8BD4ECE8AB0A}.Release|Any CPU.ActiveCfg = Release|Any CPU
		{1768A7C5-A128-4835-A4AC-8BD4ECE8AB0A}.Release|Any CPU.Build.0 = Release|Any CPU
		{2C9D096F-8913-4F68-B4FC-7424BFACE9FF}.Debug|Any CPU.ActiveCfg = Debug|Any CPU
		{2C9D096F-8913-4F68-B4FC-7424BFACE9FF}.Debug|Any CPU.Build.0 = Debug|Any CPU
		{2C9D096F-8913-4F68-B4FC-7424BFACE9FF}.Release|Any CPU.ActiveCfg = Release|Any CPU
		{2C9D096F-8913-4F68-B4FC-7424BFACE9FF}.Release|Any CPU.Build.0 = Release|Any CPU
	EndGlobalSection
EndGlobal
